{
  "name": "Devvit",
  "lockfileVersion": 3,
  "requires": true,
  "packages": {
    "": {
      "name": "Devvit",
      "devDependencies": {
        "devvit": "^1.0.0"
      }
    },
    "node_modules/devvit": {
      "version": "1.0.0",
      "resolved": "https://registry.npmjs.org/devvit/-/devvit-1.0.0.tgz",
      "integrity": "sha512-YcKrn2VizQQ2HSTLuDh16wyxrDJc/EnuoxnfQwONSU/EE/c56SH1L2biefwkPLDAgnwnSJoDsVbXVcg+dud+qA==",
      "deprecated": "this package has been deprecated",
      "dev": true,
      "license": "ISC"
    }
  }
}
